Microsoft Visual Studio Solution File, Format Version 12.00
# Visual Studio 15
VisualStudioVersion = 15.0.27428.2037
MinimumVisualStudioVersion = 10.0.40219.1
Project("{FAE04EC0-301F-11D3-BF4B-00C04F79EFBC}") = "Tabs", "Tabs\Tabs.csproj", "{07FB6BB3-4832-463C-A399-746E77F83B40}"
EndProject
Project("{FAE04EC0-301F-11D3-BF4B-00C04F79EFBC}") = "Tabs.iOS", "iOS\Tabs.iOS.csproj", "{573FE0A7-D64E-4D36-9B2F-3745B5672BAF}"
EndProject
Project("{FAE04EC0-301F-11D3-BF4B-00C04F79EFBC}") = "Tabs.Droid", "Droid\Tabs.Droid.csproj", "{F613E1D0-1E93-496E-BCFF-67BE29E9C5B8}"
EndProject
Project("{FAE04EC0-301F-11D3-BF4B-00C04F79EFBC}") = "TabsUwp.UWP", "TabsUwp\TabsUwp.UWP\TabsUwp.UWP.csproj", "{DB6BC7D9-B098-4EC9-ADEF-164D0B675394}"
EndProject
Project("{FAE04EC0-301F-11D3-BF4B-00C04F79EFBC}") = "TabsUwp", "TabsUwp\TabsUwp\TabsUwp.csproj", "{D975F57C-4BD2-422C-8360-FC3A3CBA9107}"
EndProject
Global
	GlobalSection(SolutionConfigurationPlatforms) = preSolution
		Ad-Hoc|Any CPU = Ad-Hoc|Any CPU
		Ad-Hoc|ARM = Ad-Hoc|ARM
		Ad-Hoc|iPhone = Ad-Hoc|iPhone
		Ad-Hoc|iPhoneSimulator = Ad-Hoc|iPhoneSimulator
		Ad-Hoc|x64 = Ad-Hoc|x64
		Ad-Hoc|x86 = Ad-Hoc|x86
		AppStore|Any CPU = AppStore|Any CPU
		AppStore|ARM = AppStore|ARM
		AppStore|iPhone = AppStore|iPhone
		AppStore|iPhoneSimulator = AppStore|iPhoneSimulator
		AppStore|x64 = AppStore|x64
		AppStore|x86 = AppStore|x86
		Debug|Any CPU = Debug|Any CPU
		Debug|ARM = Debug|ARM
		Debug|iPhone = Debug|iPhone
		Debug|iPhoneSimulator = Debug|iPhoneSimulator
		Debug|x64 = Debug|x64
		Debug|x86 = Debug|x86
		Release|Any CPU = Release|Any CPU
		Release|ARM = Release|ARM
		Release|iPhone = Release|iPhone
		Release|iPhoneSimulator = Release|iPhoneSimulator
		Release|x64 = Release|x64
		Release|x86 = Release|x86
	EndGlobalSection
	GlobalSection(ProjectConfigurationPlatforms) = postSolution
		{07FB6BB3-4832-463C-A399-746E77F83B40}.Ad-Hoc|Any CPU.ActiveCfg = Release|Any CPU
		{07FB6BB3-4832-463C-A399-746E77F83B40}.Ad-Hoc|Any CPU.Build.0 = Release|Any CPU
		{07FB6BB3-4832-463C-A399-746E77F83B40}.Ad-Hoc|ARM.ActiveCfg = Release|Any CPU
		{07FB6BB3-4832-463C-A399-746E77F83B40}.Ad-Hoc|ARM.Build.0 = Release|Any CPU
		{07FB6BB3-4832-463C-A399-746E77F83B40}.Ad-Hoc|iPhone.ActiveCfg = Release|Any CPU
		{07FB6BB3-4832-463C-A399-746E77F83B40}.Ad-Hoc|iPhone.Build.0 = Release|Any CPU
		{07FB6BB3-4832-463C-A399-746E77F83B40}.Ad-Hoc|iPhoneSimulator.ActiveCfg = Release|Any CPU
		{07FB6BB3-4832-463C-A399-746E77F83B40}.Ad-Hoc|iPhoneSimulator.Build.0 = Release|Any CPU
		{07FB6BB3-4832-463C-A399-746E77F83B40}.Ad-Hoc|x64.ActiveCfg = Release|Any CPU
		{07FB6BB3-4832-463C-A399-746E77F83B40}.Ad-Hoc|x64.Build.0 = Release|Any CPU
		{07FB6BB3-4832-463C-A399-746E77F83B40}.Ad-Hoc|x86.ActiveCfg = Release|Any CPU
		{07FB6BB3-4832-463C-A399-746E77F83B40}.Ad-Hoc|x86.Build.0 = Release|Any CPU
		{07FB6BB3-4832-463C-A399-746E77F83B40}.AppStore|Any CPU.ActiveCfg = Release|Any CPU
		{07FB6BB3-4832-463C-A399-746E77F83B40}.AppStore|Any CPU.Build.0 = Release|Any CPU
		{07FB6BB3-4832-463C-A399-746E77F83B40}.AppStore|ARM.ActiveCfg = Release|Any CPU
		{07FB6BB3-4832-463C-A399-746E77F83B40}.AppStore|ARM.Build.0 = Release|Any CPU
		{07FB6BB3-4832-463C-A399-746E77F83B40}.AppStore|iPhone.ActiveCfg = Release|Any CPU
		{07FB6BB3-4832-463C-A399-746E77F83B40}.AppStore|iPhone.Build.0 = Release|Any CPU
		{07FB6BB3-4832-463C-A399-746E77F83B40}.AppStore|iPhoneSimulator.ActiveCfg = Release|Any CPU
		{07FB6BB3-4832-463C-A399-746E77F83B40}.AppStore|iPhoneSimulator.Build.0 = Release|Any CPU
		{07FB6BB3-4832-463C-A399-746E77F83B40}.AppStore|x64.ActiveCfg = Release|Any CPU
		{07FB6BB3-4832-463C-A399-746E77F83B40}.AppStore|x64.Build.0 = Release|Any CPU
		{07FB6BB3-4832-463C-A399-746E77F83B40}.AppStore|x86.ActiveCfg = Release|Any CPU
		{07FB6BB3-4832-463C-A399-746E77F83B40}.AppStore|x86.Build.0 = Release|Any CPU
		{07FB6BB3-4832-463C-A399-746E77F83B40}.Debug|Any CPU.ActiveCfg = Debug|Any CPU
		{07FB6BB3-4832-463C-A399-746E77F83B40}.Debug|Any CPU.Build.0 = Debug|Any CPU
		{07FB6BB3-4832-463C-A399-746E77F83B40}.Debug|ARM.ActiveCfg = Debug|Any CPU
		{07FB6BB3-4832-463C-A399-746E77F83B40}.Debug|ARM.Build.0 = Debug|Any CPU
		{07FB6BB3-4832-463C-A399-746E77F83B40}.Debug|iPhone.ActiveCfg = Debug|Any CPU
		{07FB6BB3-4832-463C-A399-746E77F83B40}.Debug|iPhone.Build.0 = Debug|Any CPU
		{07FB6BB3-4832-463C-A399-746E77F83B40}.Debug|iPhoneSimulator.ActiveCfg = Debug|Any CPU
		{07FB6BB3-4832-463C-A399-746E77F83B40}.Debug|iPhoneSimulator.Build.0 = Debug|Any CPU
		{07FB6BB3-4832-463C-A399-746E77F83B40}.Debug|x64.ActiveCfg = Debug|Any CPU
		{07FB6BB3-4832-463C-A399-746E77F83B40}.Debug|x64.Build.0 = Debug|Any CPU
		{07FB6BB3-4832-463C-A399-746E77F83B40}.Debug|x86.ActiveCfg = Debug|Any CPU
		{07FB6BB3-4832-463C-A399-746E77F83B40}.Debug|x86.Build.0 = Debug|Any CPU
		{07FB6BB3-4832-463C-A399-746E77F83B40}.Release|Any CPU.ActiveCfg = Release|Any CPU
		{07FB6BB3-4832-463C-A399-746E77F83B40}.Release|Any CPU.Build.0 = Release|Any CPU
		{07FB6BB3-4832-463C-A399-746E77F83B40}.Release|ARM.ActiveCfg = Release|Any CPU
		{07FB6BB3-4832-463C-A399-746E77F83B40}.Release|ARM.Build.0 = Release|Any CPU
		{07FB6BB3-4832-463C-A399-746E77F83B40}.Release|iPhone.ActiveCfg = Release|Any CPU
		{07FB6BB3-4832-463C-A399-746E77F83B40}.Release|iPhone.Build.0 = Release|Any CPU
		{07FB6BB3-4832-463C-A399-746E77F83B40}.Release|iPhoneSimulator.ActiveCfg = Release|Any CPU
		{07FB6BB3-4832-463C-A399-746E77F83B40}.Release|iPhoneSimulator.Build.0 = Release|Any CPU
		{07FB6BB3-4832-463C-A399-746E77F83B40}.Release|x64.ActiveCfg = Release|Any CPU
		{07FB6BB3-4832-463C-A399-746E77F83B40}.Release|x64.Build.0 = Release|Any CPU
		{07FB6BB3-4832-463C-A399-746E77F83B40}.Release|x86.ActiveCfg = Release|Any CPU
		{07FB6BB3-4832-463C-A399-746E77F83B40}.Release|x86.Build.0 = Release|Any CPU
		{573FE0A7-D64E-4D36-9B2F-3745B5672BAF}.Ad-Hoc|Any CPU.ActiveCfg = Release|iPhoneSimulator
		{573FE0A7-D64E-4D36-9B2F-3745B5672BAF}.Ad-Hoc|Any CPU.Build.0 = Release|iPhoneSimulator
		{573FE0A7-D64E-4D36-9B2F-3745B5672BAF}.Ad-Hoc|ARM.ActiveCfg = Release|iPhoneSimulator
		{573FE0A7-D64E-4D36-9B2F-3745B5672BAF}.Ad-Hoc|ARM.Build.0 = Release|iPhoneSimulator
		{573FE0A7-D64E-4D36-9B2F-3745B5672BAF}.Ad-Hoc|iPhone.ActiveCfg = Release|iPhone
		{573FE0A7-D64E-4D36-9B2F-3745B5672BAF}.Ad-Hoc|iPhone.Build.0 = Release|iPhone
		{573FE0A7-D64E-4D36-9B2F-3745B5672BAF}.Ad-Hoc|iPhoneSimulator.ActiveCfg = Release|iPhoneSimulator
		{573FE0A7-D64E-4D36-9B2F-3745B5672BAF}.Ad-Hoc|iPhoneSimulator.Build.0 = Release|iPhoneSimulator
		{573FE0A7-D64E-4D36-9B2F-3745B5672BAF}.Ad-Hoc|x64.ActiveCfg = Release|iPhoneSimulator
		{573FE0A7-D64E-4D36-9B2F-3745B5672BAF}.Ad-Hoc|x64.Build.0 = Release|iPhoneSimulator
		{573FE0A7-D64E-4D36-9B2F-3745B5672BAF}.Ad-Hoc|x86.ActiveCfg = Release|iPhoneSimulator
		{573FE0A7-D64E-4D36-9B2F-3745B5672BAF}.Ad-Hoc|x86.Build.0 = Release|iPhoneSimulator
		{573FE0A7-D64E-4D36-9B2F-3745B5672BAF}.AppStore|Any CPU.ActiveCfg = Release|iPhoneSimulator
		{573FE0A7-D64E-4D36-9B2F-3745B5672BAF}.AppStore|Any CPU.Build.0 = Release|iPhoneSimulator
		{573FE0A7-D64E-4D36-9B2F-3745B5672BAF}.AppStore|ARM.ActiveCfg = Release|iPhoneSimulator
		{573FE0A7-D64E-4D36-9B2F-3745B5672BAF}.AppStore|ARM.Build.0 = Release|iPhoneSimulator
		{573FE0A7-D64E-4D36-9B2F-3745B5672BAF}.AppStore|iPhone.ActiveCfg = Release|iPhone
		{573FE0A7-D64E-4D36-9B2F-3745B5672BAF}.AppStore|iPhone.Build.0 = Release|iPhone
		{573FE0A7-D64E-4D36-9B2F-3745B5672BAF}.AppStore|iPhoneSimulator.ActiveCfg = Release|iPhoneSimulator
		{573FE0A7-D64E-4D36-9B2F-3745B5672BAF}.AppStore|iPhoneSimulator.Build.0 = Release|iPhoneSimulator
		{573FE0A7-D64E-4D36-9B2F-3745B5672BAF}.AppStore|x64.ActiveCfg = Release|iPhoneSimulator
		{573FE0A7-D64E-4D36-9B2F-3745B5672BAF}.AppStore|x64.Build.0 = Release|iPhoneSimulator
		{573FE0A7-D64E-4D36-9B2F-3745B5672BAF}.AppStore|x86.ActiveCfg = Release|iPhoneSimulator
		{573FE0A7-D64E-4D36-9B2F-3745B5672BAF}.AppStore|x86.Build.0 = Release|iPhoneSimulator
		{573FE0A7-D64E-4D36-9B2F-3745B5672BAF}.Debug|Any CPU.ActiveCfg = Debug|iPhoneSimulator
		{573FE0A7-D64E-4D36-9B2F-3745B5672BAF}.Debug|Any CPU.Build.0 = Debug|iPhoneSimulator
		{573FE0A7-D64E-4D36-9B2F-3745B5672BAF}.Debug|ARM.ActiveCfg = Debug|iPhone
		{573FE0A7-D64E-4D36-9B2F-3745B5672BAF}.Debug|iPhone.ActiveCfg = Debug|iPhone
		{573FE0A7-D64E-4D36-9B2F-3745B5672BAF}.Debug|iPhone.Build.0 = Debug|iPhone
		{573FE0A7-D64E-4D36-9B2F-3745B5672BAF}.Debug|iPhoneSimulator.ActiveCfg = Debug|iPhoneSimulator
		{573FE0A7-D64E-4D36-9B2F-3745B5672BAF}.Debug|iPhoneSimulator.Build.0 = Debug|iPhoneSimulator
		{573FE0A7-D64E-4D36-9B2F-3745B5672BAF}.Debug|x64.ActiveCfg = Debug|iPhone
		{573FE0A7-D64E-4D36-9B2F-3745B5672BAF}.Debug|x86.ActiveCfg = Debug|iPhone
		{573FE0A7-D64E-4D36-9B2F-3745B5672BAF}.Release|Any CPU.ActiveCfg = Release|iPhone
		{573FE0A7-D64E-4D36-9B2F-3745B5672BAF}.Release|Any CPU.Build.0 = Release|iPhone
		{573FE0A7-D64E-4D36-9B2F-3745B5672BAF}.Release|ARM.ActiveCfg = Release|iPhoneSimulator
		{573FE0A7-D64E-4D36-9B2F-3745B5672BAF}.Release|iPhone.ActiveCfg = Release|iPhone
		{573FE0A7-D64E-4D36-9B2F-3745B5672BAF}.Release|iPhone.Build.0 = Release|iPhone
		{573FE0A7-D64E-4D36-9B2F-3745B5672BAF}.Release|iPhoneSimulator.ActiveCfg = Release|iPhoneSimulator
		{573FE0A7-D64E-4D36-9B2F-3745B5672BAF}.Release|iPhoneSimulator.Build.0 = Release|iPhoneSimulator
		{573FE0A7-D64E-4D36-9B2F-3745B5672BAF}.Release|x64.ActiveCfg = Release|iPhoneSimulator
		{573FE0A7-D64E-4D36-9B2F-3745B5672BAF}.Release|x86.ActiveCfg = Release|iPhoneSimulator
		{F613E1D0-1E93-496E-BCFF-67BE29E9C5B8}.Ad-Hoc|Any CPU.ActiveCfg = Release|Any CPU
		{F613E1D0-1E93-496E-BCFF-67BE29E9C5B8}.Ad-Hoc|Any CPU.Build.0 = Release|Any CPU
		{F613E1D0-1E93-496E-BCFF-67BE29E9C5B8}.Ad-Hoc|Any CPU.Deploy.0 = Release|Any CPU
		{F613E1D0-1E93-496E-BCFF-67BE29E9C5B8}.Ad-Hoc|ARM.ActiveCfg = Release|Any CPU
		{F613E1D0-1E93-496E-BCFF-67BE29E9C5B8}.Ad-Hoc|ARM.Build.0 = Release|Any CPU
		{F613E1D0-1E93-496E-BCFF-67BE29E9C5B8}.Ad-Hoc|ARM.Deploy.0 = Release|Any CPU
		{F613E1D0-1E93-496E-BCFF-67BE29E9C5B8}.Ad-Hoc|iPhone.ActiveCfg = Release|Any CPU
		{F613E1D0-1E93-496E-BCFF-67BE29E9C5B8}.Ad-Hoc|iPhone.Build.0 = Release|Any CPU
		{F613E1D0-1E93-496E-BCFF-67BE29E9C5B8}.Ad-Hoc|iPhone.Deploy.0 = Release|Any CPU
		{F613E1D0-1E93-496E-BCFF-67BE29E9C5B8}.Ad-Hoc|iPhoneSimulator.ActiveCfg = Release|Any CPU
		{F613E1D0-1E93-496E-BCFF-67BE29E9C5B8}.Ad-Hoc|iPhoneSimulator.Build.0 = Release|Any CPU
		{F613E1D0-1E93-496E-BCFF-67BE29E9C5B8}.Ad-Hoc|iPhoneSimulator.Deploy.0 = Release|Any CPU
		{F613E1D0-1E93-496E-BCFF-67BE29E9C5B8}.Ad-Hoc|x64.ActiveCfg = Release|Any CPU
		{F613E1D0-1E93-496E-BCFF-67BE29E9C5B8}.Ad-Hoc|x64.Build.0 = Release|Any CPU
		{F613E1D0-1E93-496E-BCFF-67BE29E9C5B8}.Ad-Hoc|x64.Deploy.0 = Release|Any CPU
		{F613E1D0-1E93-496E-BCFF-67BE29E9C5B8}.Ad-Hoc|x86.ActiveCfg = Release|Any CPU
		{F613E1D0-1E93-496E-BCFF-67BE29E9C5B8}.Ad-Hoc|x86.Build.0 = Release|Any CPU
		{F613E1D0-1E93-496E-BCFF-67BE29E9C5B8}.Ad-Hoc|x86.Deploy.0 = Release|Any CPU
		{F613E1D0-1E93-496E-BCFF-67BE29E9C5B8}.AppStore|Any CPU.ActiveCfg = Release|Any CPU
		{F613E1D0-1E93-496E-BCFF-67BE29E9C5B8}.AppStore|Any CPU.Build.0 = Release|Any CPU
		{F613E1D0-1E93-496E-BCFF-67BE29E9C5B8}.AppStore|Any CPU.Deploy.0 = Release|Any CPU
		{F613E1D0-1E93-496E-BCFF-67BE29E9C5B8}.AppStore|ARM.ActiveCfg = Release|Any CPU
		{F613E1D0-1E93-496E-BCFF-67BE29E9C5B8}.AppStore|ARM.Build.0 = Release|Any CPU
		{F613E1D0-1E93-496E-BCFF-67BE29E9C5B8}.AppStore|ARM.Deploy.0 = Release|Any CPU
		{F613E1D0-1E93-496E-BCFF-67BE29E9C5B8}.AppStore|iPhone.ActiveCfg = Release|Any CPU
		{F613E1D0-1E93-496E-BCFF-67BE29E9C5B8}.AppStore|iPhone.Build.0 = Release|Any CPU
		{F613E1D0-1E93-496E-BCFF-67BE29E9C5B8}.AppStore|iPhone.Deploy.0 = Release|Any CPU
		{F613E1D0-1E93-496E-BCFF-67BE29E9C5B8}.AppStore|iPhoneSimulator.ActiveCfg = Release|Any CPU
		{F613E1D0-1E93-496E-BCFF-67BE29E9C5B8}.AppStore|iPhoneSimulator.Build.0 = Release|Any CPU
		{F613E1D0-1E93-496E-BCFF-67BE29E9C5B8}.AppStore|iPhoneSimulator.Deploy.0 = Release|Any CPU
		{F613E1D0-1E93-496E-BCFF-67BE29E9C5B8}.AppStore|x64.ActiveCfg = Release|Any CPU
		{F613E1D0-1E93-496E-BCFF-67BE29E9C5B8}.AppStore|x64.Build.0 = Release|Any CPU
		{F613E1D0-1E93-496E-BCFF-67BE29E9C5B8}.AppStore|x64.Deploy.0 = Release|Any CPU
		{F613E1D0-1E93-496E-BCFF-67BE29E9C5B8}.AppStore|x86.ActiveCfg = Release|Any CPU
		{F613E1D0-1E93-496E-BCFF-67BE29E9C5B8}.AppStore|x86.Build.0 = Release|Any CPU
		{F613E1D0-1E93-496E-BCFF-67BE29E9C5B8}.AppStore|x86.Deploy.0 = Release|Any CPU
		{F613E1D0-1E93-496E-BCFF-67BE29E9C5B8}.Debug|Any CPU.ActiveCfg = Debug|Any CPU
		{F613E1D0-1E93-496E-BCFF-67BE29E9C5B8}.Debug|Any CPU.Build.0 = Debug|Any CPU
		{F613E1D0-1E93-496E-BCFF-67BE29E9C5B8}.Debug|Any CPU.Deploy.0 = Debug|Any CPU
		{F613E1D0-1E93-496E-BCFF-67BE29E9C5B8}.Debug|ARM.ActiveCfg = Debug|Any CPU
		{F613E1D0-1E93-496E-BCFF-67BE29E9C5B8}.Debug|ARM.Build.0 = Debug|Any CPU
		{F613E1D0-1E93-496E-BCFF-67BE29E9C5B8}.Debug|ARM.Deploy.0 = Debug|Any CPU
		{F613E1D0-1E93-496E-BCFF-67BE29E9C5B8}.Debug|iPhone.ActiveCfg = Debug|Any CPU
		{F613E1D0-1E93-496E-BCFF-67BE29E9C5B8}.Debug|iPhone.Build.0 = Debug|Any CPU
		{F613E1D0-1E93-496E-BCFF-67BE29E9C5B8}.Debug|iPhoneSimulator.ActiveCfg = Debug|Any CPU
		{F613E1D0-1E93-496E-BCFF-67BE29E9C5B8}.Debug|iPhoneSimulator.Build.0 = Debug|Any CPU
		{F613E1D0-1E93-496E-BCFF-67BE29E9C5B8}.Debug|x64.ActiveCfg = Debug|Any CPU
		{F613E1D0-1E93-496E-BCFF-67BE29E9C5B8}.Debug|x64.Build.0 = Debug|Any CPU
		{F613E1D0-1E93-496E-BCFF-67BE29E9C5B8}.Debug|x64.Deploy.0 = Debug|Any CPU
		{F613E1D0-1E93-496E-BCFF-67BE29E9C5B8}.Debug|x86.ActiveCfg = Debug|Any CPU
		{F613E1D0-1E93-496E-BCFF-67BE29E9C5B8}.Debug|x86.Build.0 = Debug|Any CPU
		{F613E1D0-1E93-496E-BCFF-67BE29E9C5B8}.Debug|x86.Deploy.0 = Debug|Any CPU
		{F613E1D0-1E93-496E-BCFF-67BE29E9C5B8}.Release|Any CPU.ActiveCfg = Release|Any CPU
		{F613E1D0-1E93-496E-BCFF-67BE29E9C5B8}.Release|Any CPU.Build.0 = Release|Any CPU
		{F613E1D0-1E93-496E-BCFF-67BE29E9C5B8}.Release|ARM.ActiveCfg = Release|Any CPU
		{F613E1D0-1E93-496E-BCFF-67BE29E9C5B8}.Release|ARM.Build.0 = Release|Any CPU
		{F613E1D0-1E93-496E-BCFF-67BE29E9C5B8}.Release|ARM.Deploy.0 = Release|Any CPU
		{F613E1D0-1E93-496E-BCFF-67BE29E9C5B8}.Release|iPhone.ActiveCfg = Release|Any CPU
		{F613E1D0-1E93-496E-BCFF-67BE29E9C5B8}.Release|iPhone.Build.0 = Release|Any CPU
		{F613E1D0-1E93-496E-BCFF-67BE29E9C5B8}.Release|iPhoneSimulator.ActiveCfg = Release|Any CPU
		{F613E1D0-1E93-496E-BCFF-67BE29E9C5B8}.Release|iPhoneSimulator.Build.0 = Release|Any CPU
		{F613E1D0-1E93-496E-BCFF-67BE29E9C5B8}.Release|x64.ActiveCfg = Release|Any CPU
		{F613E1D0-1E93-496E-BCFF-67BE29E9C5B8}.Release|x64.Build.0 = Release|Any CPU
		{F613E1D0-1E93-496E-BCFF-67BE29E9C5B8}.Release|x64.Deploy.0 = Release|Any CPU
		{F613E1D0-1E93-496E-BCFF-67BE29E9C5B8}.Release|x86.ActiveCfg = Release|Any CPU
		{F613E1D0-1E93-496E-BCFF-67BE29E9C5B8}.Release|x86.Build.0 = Release|Any CPU
		{F613E1D0-1E93-496E-BCFF-67BE29E9C5B8}.Release|x86.Deploy.0 = Release|Any CPU
		{DB6BC7D9-B098-4EC9-ADEF-164D0B675394}.Ad-Hoc|Any CPU.ActiveCfg = Release|x86
		{DB6BC7D9-B098-4EC9-ADEF-164D0B675394}.Ad-Hoc|Any CPU.Build.0 = Release|x86
		{DB6BC7D9-B098-4EC9-ADEF-164D0B675394}.Ad-Hoc|Any CPU.Deploy.0 = Release|x86
		{DB6BC7D9-B098-4EC9-ADEF-164D0B675394}.Ad-Hoc|ARM.ActiveCfg = Release|ARM
		{DB6BC7D9-B098-4EC9-ADEF-164D0B675394}.Ad-Hoc|ARM.Build.0 = Release|ARM
		{DB6BC7D9-B098-4EC9-ADEF-164D0B675394}.Ad-Hoc|ARM.Deploy.0 = Release|ARM
		{DB6BC7D9-B098-4EC9-ADEF-164D0B675394}.Ad-Hoc|iPhone.ActiveCfg = Release|x86
		{DB6BC7D9-B098-4EC9-ADEF-164D0B675394}.Ad-Hoc|iPhone.Build.0 = Release|x86
		{DB6BC7D9-B098-4EC9-ADEF-164D0B675394}.Ad-Hoc|iPhone.Deploy.0 = Release|x86
		{DB6BC7D9-B098-4EC9-ADEF-164D0B675394}.Ad-Hoc|iPhoneSimulator.ActiveCfg = Release|x86
		{DB6BC7D9-B098-4EC9-ADEF-164D0B675394}.Ad-Hoc|iPhoneSimulator.Build.0 = Release|x86
		{DB6BC7D9-B098-4EC9-ADEF-164D0B675394}.Ad-Hoc|iPhoneSimulator.Deploy.0 = Release|x86
		{DB6BC7D9-B098-4EC9-ADEF-164D0B675394}.Ad-Hoc|x64.ActiveCfg = Release|x64
		{DB6BC7D9-B098-4EC9-ADEF-164D0B675394}.Ad-Hoc|x64.Build.0 = Release|x64
		{DB6BC7D9-B098-4EC9-ADEF-164D0B675394}.Ad-Hoc|x64.Deploy.0 = Release|x64
		{DB6BC7D9-B098-4EC9-ADEF-164D0B675394}.Ad-Hoc|x86.ActiveCfg = Release|x86
		{DB6BC7D9-B098-4EC9-ADEF-164D0B675394}.Ad-Hoc|x86.Build.0 = Release|x86
		{DB6BC7D9-B098-4EC9-ADEF-164D0B675394}.Ad-Hoc|x86.Deploy.0 = Release|x86
		{DB6BC7D9-B098-4EC9-ADEF-164D0B675394}.AppStore|Any CPU.ActiveCfg = Release|x86
		{DB6BC7D9-B098-4EC9-ADEF-164D0B675394}.AppStore|Any CPU.Build.0 = Release|x86
		{DB6BC7D9-B098-4EC9-ADEF-164D0B675394}.AppStore|Any CPU.Deploy.0 = Release|x86
		{DB6BC7D9-B098-4EC9-ADEF-164D0B675394}.AppStore|ARM.ActiveCfg = Release|ARM
		{DB6BC7D9-B098-4EC9-ADEF-164D0B675394}.AppStore|ARM.Build.0 = Release|ARM
		{DB6BC7D9-B098-4EC9-ADEF-164D0B675394}.AppStore|ARM.Deploy.0 = Release|ARM
		{DB6BC7D9-B098-4EC9-ADEF-164D0B675394}.AppStore|iPhone.ActiveCfg = Release|x86
		{DB6BC7D9-B098-4EC9-ADEF-164D0B675394}.AppStore|iPhone.Build.0 = Release|x86
		{DB6BC7D9-B098-4EC9-ADEF-164D0B675394}.AppStore|iPhone.Deploy.0 = Release|x86
		{DB6BC7D9-B098-4EC9-ADEF-164D0B675394}.AppStore|iPhoneSimulator.ActiveCfg = Release|x86
		{DB6BC7D9-B098-4EC9-ADEF-164D0B675394}.AppStore|iPhoneSimulator.Build.0 = Release|x86
		{DB6BC7D9-B098-4EC9-ADEF-164D0B675394}.AppStore|iPhoneSimulator.Deploy.0 = Release|x86
		{DB6BC7D9-B098-4EC9-ADEF-164D0B675394}.AppStore|x64.ActiveCfg = Release|x64
		{DB6BC7D9-B098-4EC9-ADEF-164D0B675394}.AppStore|x64.Build.0 = Release|x64
		{DB6BC7D9-B098-4EC9-ADEF-164D0B675394}.AppStore|x64.Deploy.0 = Release|x64
		{DB6BC7D9-B098-4EC9-ADEF-164D0B675394}.AppStore|x86.ActiveCfg = Release|x86
		{DB6BC7D9-B098-4EC9-ADEF-164D0B675394}.AppStore|x86.Build.0 = Release|x86
		{DB6BC7D9-B098-4EC9-ADEF-164D0B675394}.AppStore|x86.Deploy.0 = Release|x86
		{DB6BC7D9-B098-4EC9-ADEF-164D0B675394}.Debug|Any CPU.ActiveCfg = Debug|x86
		{DB6BC7D9-B098-4EC9-ADEF-164D0B675394}.Debug|ARM.ActiveCfg = Debug|ARM
		{DB6BC7D9-B098-4EC9-ADEF-164D0B675394}.Debug|ARM.Build.0 = Debug|ARM
		{DB6BC7D9-B098-4EC9-ADEF-164D0B675394}.Debug|ARM.Deploy.0 = Debug|ARM
		{DB6BC7D9-B098-4EC9-ADEF-164D0B675394}.Debug|iPhone.ActiveCfg = Debug|x86
		{DB6BC7D9-B098-4EC9-ADEF-164D0B675394}.Debug|iPhoneSimulator.ActiveCfg = Debug|x86
		{DB6BC7D9-B098-4EC9-ADEF-164D0B675394}.Debug|x64.ActiveCfg = Debug|x64
		{DB6BC7D9-B098-4EC9-ADEF-164D0B675394}.Debug|x64.Build.0 = Debug|x64
		{DB6BC7D9-B098-4EC9-ADEF-164D0B675394}.Debug|x64.Deploy.0 = Debug|x64
		{DB6BC7D9-B098-4EC9-ADEF-164D0B675394}.Debug|x86.ActiveCfg = Debug|x86
		{DB6BC7D9-B098-4EC9-ADEF-164D0B675394}.Debug|x86.Build.0 = Debug|x86
		{DB6BC7D9-B098-4EC9-ADEF-164D0B675394}.Debug|x86.Deploy.0 = Debug|x86
		{DB6BC7D9-B098-4EC9-ADEF-164D0B675394}.Release|Any CPU.ActiveCfg = Release|x86
		{DB6BC7D9-B098-4EC9-ADEF-164D0B675394}.Release|ARM.ActiveCfg = Release|ARM
		{DB6BC7D9-B098-4EC9-ADEF-164D0B675394}.Release|ARM.Build.0 = Release|ARM
		{DB6BC7D9-B098-4EC9-ADEF-164D0B675394}.Release|ARM.Deploy.0 = Release|ARM
		{DB6BC7D9-B098-4EC9-ADEF-164D0B675394}.Release|iPhone.ActiveCfg = Release|x86
		{DB6BC7D9-B098-4EC9-ADEF-164D0B675394}.Release|iPhoneSimulator.ActiveCfg = Release|x86
		{DB6BC7D9-B098-4EC9-ADEF-164D0B675394}.Release|x64.ActiveCfg = Release|x64
		{DB6BC7D9-B098-4EC9-ADEF-164D0B675394}.Release|x64.Build.0 = Release|x64
		{DB6BC7D9-B098-4EC9-ADEF-164D0B675394}.Release|x64.Deploy.0 = Release|x64
		{DB6BC7D9-B098-4EC9-ADEF-164D0B675394}.Release|x86.ActiveCfg = Release|x86
		{DB6BC7D9-B098-4EC9-ADEF-164D0B675394}.Release|x86.Build.0 = Release|x86
		{DB6BC7D9-B098-4EC9-ADEF-164D0B675394}.Release|x86.Deploy.0 = Release|x86
		{D975F57C-4BD2-422C-8360-FC3A3CBA9107}.Ad-Hoc|Any CPU.ActiveCfg = Debug|Any CPU
		{D975F57C-4BD2-422C-8360-FC3A3CBA9107}.Ad-Hoc|Any CPU.Build.0 = Debug|Any CPU
		{D975F57C-4BD2-422C-8360-FC3A3CBA9107}.Ad-Hoc|ARM.ActiveCfg = Debug|Any CPU
		{D975F57C-4BD2-422C-8360-FC3A3CBA9107}.Ad-Hoc|ARM.Build.0 = Debug|Any CPU
		{D975F57C-4BD2-422C-8360-FC3A3CBA9107}.Ad-Hoc|iPhone.ActiveCfg = Debug|Any CPU
		{D975F57C-4BD2-422C-8360-FC3A3CBA9107}.Ad-Hoc|iPhone.Build.0 = Debug|Any CPU
		{D975F57C-4BD2-422C-8360-FC3A3CBA9107}.Ad-Hoc|iPhoneSimulator.ActiveCfg = Debug|Any CPU
		{D975F57C-4BD2-422C-8360-FC3A3CBA9107}.Ad-Hoc|iPhoneSimulator.Build.0 = Debug|Any CPU
		{D975F57C-4BD2-422C-8360-FC3A3CBA9107}.Ad-Hoc|x64.ActiveCfg = Debug|Any CPU
		{D975F57C-4BD2-422C-8360-FC3A3CBA9107}.Ad-Hoc|x64.Build.0 = Debug|Any CPU
		{D975F57C-4BD2-422C-8360-FC3A3CBA9107}.Ad-Hoc|x86.ActiveCfg = Debug|Any CPU
		{D975F57C-4BD2-422C-8360-FC3A3CBA9107}.Ad-Hoc|x86.Build.0 = Debug|Any CPU
		{D975F57C-4BD2-422C-8360-FC3A3CBA9107}.AppStore|Any CPU.ActiveCfg = Debug|Any CPU
		{D975F57C-4BD2-422C-8360-FC3A3CBA9107}.AppStore|Any CPU.Build.0 = Debug|Any CPU
		{D975F57C-4BD2-422C-8360-FC3A3CBA9107}.AppStore|ARM.ActiveCfg = Debug|Any CPU
		{D975F57C-4BD2-422C-8360-FC3A3CBA9107}.AppStore|ARM.Build.0 = Debug|Any CPU
		{D975F57C-4BD2-422C-8360-FC3A3CBA9107}.AppStore|iPhone.ActiveCfg = Debug|Any CPU
		{D975F57C-4BD2-422C-8360-FC3A3CBA9107}.AppStore|iPhone.Build.0 = Debug|Any CPU
		{D975F57C-4BD2-422C-8360-FC3A3CBA9107}.AppStore|iPhoneSimulator.ActiveCfg = Debug|Any CPU
		{D975F57C-4BD2-422C-8360-FC3A3CBA9107}.AppStore|iPhoneSimulator.Build.0 = Debug|Any CPU
		{D975F57C-4BD2-422C-8360-FC3A3CBA9107}.AppStore|x64.ActiveCfg = Debug|Any CPU
		{D975F57C-4BD2-422C-8360-FC3A3CBA9107}.AppStore|x64.Build.0 = Debug|Any CPU
		{D975F57C-4BD2-422C-8360-FC3A3CBA9107}.AppStore|x86.ActiveCfg = Debug|Any CPU
		{D975F57C-4BD2-422C-8360-FC3A3CBA9107}.AppStore|x86.Build.0 = Debug|Any CPU
		{D975F57C-4BD2-422C-8360-FC3A3CBA9107}.Debug|Any CPU.ActiveCfg = Debug|Any CPU
		{D975F57C-4BD2-422C-8360-FC3A3CBA9107}.Debug|Any CPU.Build.0 = Debug|Any CPU
		{D975F57C-4BD2-422C-8360-FC3A3CBA9107}.Debug|ARM.ActiveCfg = Debug|Any CPU
		{D975F57C-4BD2-422C-8360-FC3A3CBA9107}.Debug|ARM.Build.0 = Debug|Any CPU
		{D975F57C-4BD2-422C-8360-FC3A3CBA9107}.Debug|iPhone.ActiveCfg = Debug|Any CPU
		{D975F57C-4BD2-422C-8360-FC3A3CBA9107}.Debug|iPhone.Build.0 = Debug|Any CPU
		{D975F57C-4BD2-422C-8360-FC3A3CBA9107}.Debug|iPhoneSimulator.ActiveCfg = Debug|Any CPU
		{D975F57C-4BD2-422C-8360-FC3A3CBA9107}.Debug|iPhoneSimulator.Build.0 = Debug|Any CPU
		{D975F57C-4BD2-422C-8360-FC3A3CBA9107}.Debug|x64.ActiveCfg = Debug|Any CPU
		{D975F57C-4BD2-422C-8360-FC3A3CBA9107}.Debug|x64.Build.0 = Debug|Any CPU
		{D975F57C-4BD2-422C-8360-FC3A3CBA9107}.Debug|x86.ActiveCfg = Debug|Any CPU
		{D975F57C-4BD2-422C-8360-FC3A3CBA9107}.Debug|x86.Build.0 = Debug|Any CPU
		{D975F57C-4BD2-422C-8360-FC3A3CBA9107}.Release|Any CPU.ActiveCfg = Release|Any CPU
		{D975F57C-4BD2-422C-8360-FC3A3CBA9107}.Release|Any CPU.Build.0 = Release|Any CPU
		{D975F57C-4BD2-422C-8360-FC3A3CBA9107}.Release|ARM.ActiveCfg = Release|Any CPU
		{D975F57C-4BD2-422C-8360-FC3A3CBA9107}.Release|ARM.Build.0 = Release|Any CPU
		{D975F57C-4BD2-422C-8360-FC3A3CBA9107}.Release|iPhone.ActiveCfg = Release|Any CPU
		{D975F57C-4BD2-422C-8360-FC3A3CBA9107}.Release|iPhone.Build.0 = Release|Any CPU
		{D975F57C-4BD2-422C-8360-FC3A3CBA9107}.Release|iPhoneSimulator.ActiveCfg = Release|Any CPU
		{D975F57C-4BD2-422C-8360-FC3A3CBA9107}.Release|iPhoneSimulator.Build.0 = Release|Any CPU
		{D975F57C-4BD2-422C-8360-FC3A3CBA9107}.Release|x64.ActiveCfg = Release|Any CPU
		{D975F57C-4BD2-422C-8360-FC3A3CBA9107}.Release|x64.Build.0 = Release|Any CPU
		{D975F57C-4BD2-422C-8360-FC3A3CBA9107}.Release|x86.ActiveCfg = Release|Any CPU
		{D975F57C-4BD2-422C-8360-FC3A3CBA9107}.Release|x86.Build.0 = Release|Any CPU
	EndGlobalSection
	GlobalSection(SolutionProperties) = preSolution
		HideSolutionNode = FALSE
	EndGlobalSection
	GlobalSection(ExtensibilityGlobals) = postSolution
		SolutionGuid = {F256ABD0-2C3D-4E48-999F-45BCE7EC6B69}
	EndGlobalSection
EndGlobal
